
Microsoft Visual Studio Solution File, Format Version 12.00
# Visual Studio Version 17
VisualStudioVersion = 17.3.32804.467
MinimumVisualStudioVersion = 10.0.40219.1
Project("{FAE04EC0-301F-11D3-BF4B-00C04F79EFBC}") = "DL", "DL\DL.csproj", "{5F9D9089-F2A2-4CA7-827A-61E61B9595C6}"
EndProject
Project("{FAE04EC0-301F-11D3-BF4B-00C04F79EFBC}") = "ML", "ML\ML.csproj", "{955F09C3-AA07-42AB-AD9A-4D13C0E6336A}"
EndProject
Project("{FAE04EC0-301F-11D3-BF4B-00C04F79EFBC}") = "BL", "BL\BL.csproj", "{5403D18E-8CAD-4F4D-9502-C62F8F36C624}"
EndProject
Project("{FAE04EC0-301F-11D3-BF4B-00C04F79EFBC}") = "PL", "PL\PL.csproj", "{4CB81FA2-B58B-4821-B634-D349D601F248}"
EndProject
Project("{FAE04EC0-301F-11D3-BF4B-00C04F79EFBC}") = "SL", "SL\SL.csproj", "{C4CAA56F-795A-4274-864A-3D6CED4758DC}"
EndProject
Global
	GlobalSection(SolutionConfigurationPlatforms) = preSolution
		Debug|Any CPU = Debug|Any CPU
		Release|Any CPU = Release|Any CPU
	EndGlobalSection
	GlobalSection(ProjectConfigurationPlatforms) = postSolution
		{5F9D9089-F2A2-4CA7-827A-61E61B9595C6}.Debug|Any CPU.ActiveCfg = Debug|Any CPU
		{5F9D9089-F2A2-4CA7-827A-61E61B9595C6}.Debug|Any CPU.Build.0 = Debug|Any CPU
		{5F9D9089-F2A2-4CA7-827A-61E61B9595C6}.Release|Any CPU.ActiveCfg = Release|Any CPU
		{5F9D9089-F2A2-4CA7-827A-61E61B9595C6}.Release|Any CPU.Build.0 = Release|Any CPU
		{955F09C3-AA07-42AB-AD9A-4D13C0E6336A}.Debug|Any CPU.ActiveCfg = Debug|Any CPU
		{955F09C3-AA07-42AB-AD9A-4D13C0E6336A}.Debug|Any CPU.Build.0 = Debug|Any CPU
		{955F09C3-AA07-42AB-AD9A-4D13C0E6336A}.Release|Any CPU.ActiveCfg = Release|Any CPU
		{955F09C3-AA07-42AB-AD9A-4D13C0E6336A}.Release|Any CPU.Build.0 = Release|Any CPU
		{5403D18E-8CAD-4F4D-9502-C62F8F36C624}.Debug|Any CPU.ActiveCfg = Debug|Any CPU
		{5403D18E-8CAD-4F4D-9502-C62F8F36C624}.Debug|Any CPU.Build.0 = Debug|Any CPU
		{5403D18E-8CAD-4F4D-9502-C62F8F36C624}.Release|Any CPU.ActiveCfg = Release|Any CPU
		{5403D18E-8CAD-4F4D-9502-C62F8F36C624}.Release|Any CPU.Build.0 = Release|Any CPU
		{4CB81FA2-B58B-4821-B634-D349D601F248}.Debug|Any CPU.ActiveCfg = Debug|Any CPU
		{4CB81FA2-B58B-4821-B634-D349D601F248}.Debug|Any CPU.Build.0 = Debug|Any CPU
		{4CB81FA2-B58B-4821-B634-D349D601F248}.Release|Any CPU.ActiveCfg = Release|Any CPU
		{4CB81FA2-B58B-4821-B634-D349D601F248}.Release|Any CPU.Build.0 = Release|Any CPU
		{C4CAA56F-795A-4274-864A-3D6CED4758DC}.Debug|Any CPU.ActiveCfg = Debug|Any CPU
		{C4CAA56F-795A-4274-864A-3D6CED4758DC}.Debug|Any CPU.Build.0 = Debug|Any CPU
		{C4CAA56F-795A-4274-864A-3D6CED4758DC}.Release|Any CPU.ActiveCfg = Release|Any CPU
		{C4CAA56F-795A-4274-864A-3D6CED4758DC}.Release|Any CPU.Build.0 = Release|Any CPU
	EndGlobalSection
	GlobalSection(SolutionProperties) = preSolution
		HideSolutionNode = FALSE
	EndGlobalSection
	GlobalSection(ExtensibilityGlobals) = postSolution
		SolutionGuid = {C18DF090-B359-4010-8F3B-ACC3ACFF273C}
	EndGlobalSection
EndGlobal
